
Microsoft Visual Studio Solution File, Format Version 12.00
Project("{FAE04EC0-301F-11D3-BF4B-00C04F79EFBC}") = "CHW9", "CHW9\CHW9.csproj", "{B9520CC4-9E76-4215-BCBF-B187F9B007FC}"
EndProject
Global
	GlobalSection(SolutionConfigurationPlatforms) = preSolution
		Debug|Any CPU = Debug|Any CPU
		Release|Any CPU = Release|Any CPU
	EndGlobalSection
	GlobalSection(ProjectConfigurationPlatforms) = postSolution
		{B9520CC4-9E76-4215-BCBF-B187F9B007FC}.Debug|Any CPU.ActiveCfg = Debug|Any CPU
		{B9520CC4-9E76-4215-BCBF-B187F9B007FC}.Debug|Any CPU.Build.0 = Debug|Any CPU
		{B9520CC4-9E76-4215-BCBF-B187F9B007FC}.Release|Any CPU.ActiveCfg = Release|Any CPU
		{B9520CC4-9E76-4215-BCBF-B187F9B007FC}.Release|Any CPU.Build.0 = Release|Any CPU
	EndGlobalSection
EndGlobal
